
Microsoft Visual Studio Solution File, Format Version 12.00
Project("{FAE04EC0-301F-11D3-BF4B-00C04F79EFBC}") = "CosmoteerModInjector", "CosmoteerModInjector\CosmoteerModInjector.csproj", "{3DF972AA-9B91-479C-B194-E5E7BF5E95A8}"
EndProject
Project("{FAE04EC0-301F-11D3-BF4B-00C04F79EFBC}") = "CosmoteerModLib", "CosmoteerModLib\CosmoteerModLib.csproj", "{5DF0B09E-089A-4A85-AE09-5D630722FD44}"
EndProject
Project("{FAE04EC0-301F-11D3-BF4B-00C04F79EFBC}") = "ModTemplate", "ModTemplate\ModTemplate.csproj", "{2009D16E-1FE3-4059-AE46-93B098C2C6A8}"
EndProject
Project("{2150E333-8FDC-42A3-9474-1A3956D46DE8}") = "solution files", "solution files", "{A1CF8993-39CD-48E4-8B3D-BE46B9D0EC6B}"
	ProjectSection(SolutionItems) = preProject
		Readme.md = Readme.md
		gamelibs.targets = gamelibs.targets
		user.targets = user.targets
	EndProjectSection
EndProject
Project("{FAE04EC0-301F-11D3-BF4B-00C04F79EFBC}") = "Configurator", "Configurator\Configurator.csproj", "{FB1B8D80-E17C-4575-AFF5-FC78750A4805}"
EndProject
Project("{FAE04EC0-301F-11D3-BF4B-00C04F79EFBC}") = "CosmoteerModInjector.Tests", "CosmoteerModInjector.Tests\CosmoteerModInjector.Tests.csproj", "{4B31D586-482F-460F-8A08-FA1B4246CD44}"
EndProject
Global
	GlobalSection(SolutionConfigurationPlatforms) = preSolution
		Debug|Any CPU = Debug|Any CPU
		Release|Any CPU = Release|Any CPU
	EndGlobalSection
	GlobalSection(ProjectConfigurationPlatforms) = postSolution
		{3DF972AA-9B91-479C-B194-E5E7BF5E95A8}.Debug|Any CPU.ActiveCfg = Debug|Any CPU
		{3DF972AA-9B91-479C-B194-E5E7BF5E95A8}.Debug|Any CPU.Build.0 = Debug|Any CPU
		{3DF972AA-9B91-479C-B194-E5E7BF5E95A8}.Release|Any CPU.ActiveCfg = Release|Any CPU
		{3DF972AA-9B91-479C-B194-E5E7BF5E95A8}.Release|Any CPU.Build.0 = Release|Any CPU
		{5DF0B09E-089A-4A85-AE09-5D630722FD44}.Debug|Any CPU.ActiveCfg = Debug|Any CPU
		{5DF0B09E-089A-4A85-AE09-5D630722FD44}.Debug|Any CPU.Build.0 = Debug|Any CPU
		{5DF0B09E-089A-4A85-AE09-5D630722FD44}.Release|Any CPU.ActiveCfg = Release|Any CPU
		{5DF0B09E-089A-4A85-AE09-5D630722FD44}.Release|Any CPU.Build.0 = Release|Any CPU
		{2009D16E-1FE3-4059-AE46-93B098C2C6A8}.Debug|Any CPU.ActiveCfg = Debug|Any CPU
		{2009D16E-1FE3-4059-AE46-93B098C2C6A8}.Debug|Any CPU.Build.0 = Debug|Any CPU
		{2009D16E-1FE3-4059-AE46-93B098C2C6A8}.Release|Any CPU.ActiveCfg = Release|Any CPU
		{2009D16E-1FE3-4059-AE46-93B098C2C6A8}.Release|Any CPU.Build.0 = Release|Any CPU
		{FB1B8D80-E17C-4575-AFF5-FC78750A4805}.Debug|Any CPU.ActiveCfg = Debug|Any CPU
		{FB1B8D80-E17C-4575-AFF5-FC78750A4805}.Debug|Any CPU.Build.0 = Debug|Any CPU
		{FB1B8D80-E17C-4575-AFF5-FC78750A4805}.Release|Any CPU.ActiveCfg = Release|Any CPU
		{FB1B8D80-E17C-4575-AFF5-FC78750A4805}.Release|Any CPU.Build.0 = Release|Any CPU
		{4B31D586-482F-460F-8A08-FA1B4246CD44}.Debug|Any CPU.ActiveCfg = Debug|Any CPU
		{4B31D586-482F-460F-8A08-FA1B4246CD44}.Debug|Any CPU.Build.0 = Debug|Any CPU
		{4B31D586-482F-460F-8A08-FA1B4246CD44}.Release|Any CPU.ActiveCfg = Release|Any CPU
		{4B31D586-482F-460F-8A08-FA1B4246CD44}.Release|Any CPU.Build.0 = Release|Any CPU
	EndGlobalSection
EndGlobal
